{"1.1.0",
[{<<"bbmustache">>,{pkg,<<"bbmustache">>,<<"1.7.0">>},0},
 {<<"cache">>,{pkg,<<"cache">>,<<"2.3.1">>},0},
 {<<"cowboy">>,{pkg,<<"cowboy">>,<<"2.6.3">>},0},
 {<<"cowlib">>,{pkg,<<"cowlib">>,<<"2.7.3">>},1},
 {<<"ranch">>,{pkg,<<"ranch">>,<<"1.7.1">>},1}]}.
[
{pkg_hash,[
 {<<"bbmustache">>, <<"C25CB6E51A6BAF833510F17F1BDD51B0CFB73D10B3107AA2C974C7D92C7B17DE">>},
 {<<"cache">>, <<"6A1DB9CBE0B7819F6D70C2364DED89B27E89F3E3999C276C8221019EB8F62D0E">>},
 {<<"cowboy">>, <<"99AA50E94E685557CAD82E704457336A453D4ABCB77839AD22DBE71F311FCC06">>},
 {<<"cowlib">>, <<"A7FFCD0917E6D50B4D5FB28E9E2085A0CEB3C97DEA310505F7460FF5ED764CE9">>},
 {<<"ranch">>, <<"6B1FAB51B49196860B733A49C07604465A47BDB78AA10C1C16A3D199F7F8C881">>}]}
].
